// !$*UTF8*$!
{
	archiveVersion = 1;
	classes = {
	};
	objectVersion = 46;
	objects = {

/* Begin PBXBuildFile section */
		9435F2FF1DFE4D0D0068DB3C /* main.m in Sources */ = {isa = PBXBuildFile; fileRef = 9435F2FE1DFE4D0D0068DB3C /* main.m */; };
		9435F3021DFE4D0D0068DB3C /* AppDelegate.m in Sources */ = {isa = PBXBuildFile; fileRef = 9435F3011DFE4D0D0068DB3C /* AppDelegate.m */; };
		9435F3051DFE4D0D0068DB3C /* ViewController.m in Sources */ = {isa = PBXBuildFile; fileRef = 9435F3041DFE4D0D0068DB3C /* ViewController.m */; };
		9435F3081DFE4D0D0068DB3C /* Main.storyboard in Resources */ = {isa = PBXBuildFile; fileRef = 9435F3061DFE4D0D0068DB3C /* Main.storyboard */; };
		9435F30A1DFE4D0D0068DB3C /* Assets.xcassets in Resources */ = {isa = PBXBuildFile; fileRef = 9435F3091DFE4D0D0068DB3C /* Assets.xcassets */; };
		9435F30D1DFE4D0D0068DB3C /* LaunchScreen.storyboard in Resources */ = {isa = PBXBuildFile; fileRef = 9435F30B1DFE4D0D0068DB3C /* LaunchScreen.storyboard */; };
		9435F3181DFE4D0D0068DB3C /* RootModelTests.m in Sources */ = {isa = PBXBuildFile; fileRef = 9435F3171DFE4D0D0068DB3C /* RootModelTests.m */; };
		9435F3231DFE4D0D0068DB3C /* RootModelUITests.m in Sources */ = {isa = PBXBuildFile; fileRef = 9435F3221DFE4D0D0068DB3C /* RootModelUITests.m */; };
		943DDAF42074719A00D64ACA /* NSObject+CJSingle.m in Sources */ = {isa = PBXBuildFile; fileRef = 943DDAF32074719A00D64ACA /* NSObject+CJSingle.m */; };
		943DDAF72074ACE100D64ACA /* person.m in Sources */ = {isa = PBXBuildFile; fileRef = 943DDAF62074ACE100D64ACA /* person.m */; };
/* End PBXBuildFile section */

/* Begin PBXContainerItemProxy section */
		9435F3141DFE4D0D0068DB3C /* PBXContainerItemProxy */ = {
			isa = PBXContainerItemProxy;
			containerPortal = 9435F2F21DFE4D0D0068DB3C /* Project object */;
			proxyType = 1;
			remoteGlobalIDString = 9435F2F91DFE4D0D0068DB3C;
			remoteInfo = RootModel;
		};
		9435F31F1DFE4D0D0068DB3C /* PBXContainerItemProxy */ = {
			isa = PBXContainerItemProxy;
			containerPortal = 9435F2F21DFE4D0D0068DB3C /* Project object */;
			proxyType = 1;
			remoteGlobalIDString = 9435F2F91DFE4D0D0068DB3C;
			remoteInfo = RootModel;
		};
/* End PBXContainerItemProxy section */

/* Begin PBXFileReference section */
		9435F2FA1DFE4D0D0068DB3C /* Singleton.app */ = {isa = PBXFileReference; explicitFileType = wrapper.application; includeInIndex = 0; path = Singleton.app; sourceTree = BUILT_PRODUCTS_DIR; };
		9435F2FE1DFE4D0D0068DB3C /* main.m */ = {isa = PBXFileReference; lastKnownFileType = sourcecode.c.objc; path = main.m; sourceTree = "<group>"; };
		9435F3001DFE4D0D0068DB3C /* AppDelegate.h */ = {isa = PBXFileReference; lastKnownFileType = sourcecode.c.h; path = AppDelegate.h; sourceTree = "<group>"; };
		9435F3011DFE4D0D0068DB3C /* AppDelegate.m */ = {isa = PBXFileReference; lastKnownFileType = sourcecode.c.objc; path = AppDelegate.m; sourceTree = "<group>"; };
		9435F3031DFE4D0D0068DB3C /* ViewController.h */ = {isa = PBXFileReference; lastKnownFileType = sourcecode.c.h; path = ViewController.h; sourceTree = "<group>"; };
		9435F3041DFE4D0D0068DB3C /* ViewController.m */ = {isa = PBXFileReference; lastKnownFileType = sourcecode.c.objc; path = ViewController.m; sourceTree = "<group>"; };
		9435F3071DFE4D0D0068DB3C /* Base */ = {isa = PBXFileReference; lastKnownFileType = file.storyboard; name = Base; path = Base.lproj/Main.storyboard; sourceTree = "<group>"; };
		9435F3091DFE4D0D0068DB3C /* Assets.xcassets */ = {isa = PBXFileReference; lastKnownFileType = folder.assetcatalog; path = Assets.xcassets; sourceTree = "<group>"; };
		9435F30C1DFE4D0D0068DB3C /* Base */ = {isa = PBXFileReference; lastKnownFileType = file.storyboard; name = Base; path = Base.lproj/LaunchScreen.storyboard; sourceTree = "<group>"; };
		9435F30E1DFE4D0D0068DB3C /* Info.plist */ = {isa = PBXFileReference; lastKnownFileType = text.plist.xml; path = Info.plist; sourceTree = "<group>"; };
		9435F3131DFE4D0D0068DB3C /* SingletonTests.xctest */ = {isa = PBXFileReference; explicitFileType = wrapper.cfbundle; includeInIndex = 0; path = SingletonTests.xctest; sourceTree = BUILT_PRODUCTS_DIR; };
		9435F3171DFE4D0D0068DB3C /* RootModelTests.m */ = {isa = PBXFileReference; lastKnownFileType = sourcecode.c.objc; path = RootModelTests.m; sourceTree = "<group>"; };
		9435F3191DFE4D0D0068DB3C /* Info.plist */ = {isa = PBXFileReference; lastKnownFileType = text.plist.xml; path = Info.plist; sourceTree = "<group>"; };
		9435F31E1DFE4D0D0068DB3C /* SingletonUITests.xctest */ = {isa = PBXFileReference; explicitFileType = wrapper.cfbundle; includeInIndex = 0; path = SingletonUITests.xctest; sourceTree = BUILT_PRODUCTS_DIR; };
		9435F3221DFE4D0D0068DB3C /* RootModelUITests.m */ = {isa = PBXFileReference; lastKnownFileType = sourcecode.c.objc; path = RootModelUITests.m; sourceTree = "<group>"; };
		9435F3241DFE4D0D0068DB3C /* Info.plist */ = {isa = PBXFileReference; lastKnownFileType = text.plist.xml; path = Info.plist; sourceTree = "<group>"; };
		943DDAF22074719A00D64ACA /* NSObject+CJSingle.h */ = {isa = PBXFileReference; lastKnownFileType = sourcecode.c.h; path = "NSObject+CJSingle.h"; sourceTree = "<group>"; };
		943DDAF32074719A00D64ACA /* NSObject+CJSingle.m */ = {isa = PBXFileReference; lastKnownFileType = sourcecode.c.objc; path = "NSObject+CJSingle.m"; sourceTree = "<group>"; };
		943DDAF52074ACE100D64ACA /* person.h */ = {isa = PBXFileReference; lastKnownFileType = sourcecode.c.h; path = person.h; sourceTree = "<group>"; };
		943DDAF62074ACE100D64ACA /* person.m */ = {isa = PBXFileReference; lastKnownFileType = sourcecode.c.objc; path = person.m; sourceTree = "<group>"; };
/* End PBXFileReference section */

/* Begin PBXFrameworksBuildPhase section */
		9435F2F71DFE4D0D0068DB3C /* Frameworks */ = {
			isa = PBXFrameworksBuildPhase;
			buildActionMask = 2147483647;
			files = (
			);
			runOnlyForDeploymentPostprocessing = 0;
		};
		9435F3101DFE4D0D0068DB3C /* Frameworks */ = {
			isa = PBXFrameworksBuildPhase;
			buildActionMask = 2147483647;
			files = (
			);
			runOnlyForDeploymentPostprocessing = 0;
		};
		9435F31B1DFE4D0D0068DB3C /* Frameworks */ = {
			isa = PBXFrameworksBuildPhase;
			buildActionMask = 2147483647;
			files = (
			);
			runOnlyForDeploymentPostprocessing = 0;
		};
/* End PBXFrameworksBuildPhase section */

/* Begin PBXGroup section */
		9435F2F11DFE4D0D0068DB3C = {
			isa = PBXGroup;
			children = (
				9435F2FC1DFE4D0D0068DB3C /* Singleton */,
				9435F3161DFE4D0D0068DB3C /* Singleton Tests */,
				9435F3211DFE4D0D0068DB3C /* Singleton UITests */,
				9435F2FB1DFE4D0D0068DB3C /* Products */,
			);
			sourceTree = "<group>";
		};
		9435F2FB1DFE4D0D0068DB3C /* Products */ = {
			isa = PBXGroup;
			children = (
				9435F2FA1DFE4D0D0068DB3C /* Singleton.app */,
				9435F3131DFE4D0D0068DB3C /* SingletonTests.xctest */,
				9435F31E1DFE4D0D0068DB3C /* SingletonUITests.xctest */,
			);
			name = Products;
			sourceTree = "<group>";
		};
		9435F2FC1DFE4D0D0068DB3C /* Singleton */ = {
			isa = PBXGroup;
			children = (
				9435F3301DFE4DB90068DB3C /* CJSingle */,
				9435F3001DFE4D0D0068DB3C /* AppDelegate.h */,
				9435F3011DFE4D0D0068DB3C /* AppDelegate.m */,
				9435F3031DFE4D0D0068DB3C /* ViewController.h */,
				9435F3041DFE4D0D0068DB3C /* ViewController.m */,
				943DDAF52074ACE100D64ACA /* person.h */,
				943DDAF62074ACE100D64ACA /* person.m */,
				9435F3061DFE4D0D0068DB3C /* Main.storyboard */,
				9435F3091DFE4D0D0068DB3C /* Assets.xcassets */,
				9435F30B1DFE4D0D0068DB3C /* LaunchScreen.storyboard */,
				9435F30E1DFE4D0D0068DB3C /* Info.plist */,
				9435F2FD1DFE4D0D0068DB3C /* Supporting Files */,
			);
			path = Singleton;
			sourceTree = "<group>";
		};
		9435F2FD1DFE4D0D0068DB3C /* Supporting Files */ = {
			isa = PBXGroup;
			children = (
				9435F2FE1DFE4D0D0068DB3C /* main.m */,
			);
			name = "Supporting Files";
			sourceTree = "<group>";
		};
		9435F3161DFE4D0D0068DB3C /* Singleton Tests */ = {
			isa = PBXGroup;
			children = (
				9435F3171DFE4D0D0068DB3C /* RootModelTests.m */,
				9435F3191DFE4D0D0068DB3C /* Info.plist */,
			);
			path = "Singleton Tests";
			sourceTree = "<group>";
		};
		9435F3211DFE4D0D0068DB3C /* Singleton UITests */ = {
			isa = PBXGroup;
			children = (
				9435F3221DFE4D0D0068DB3C /* RootModelUITests.m */,
				9435F3241DFE4D0D0068DB3C /* Info.plist */,
			);
			path = "Singleton UITests";
			sourceTree = "<group>";
		};
		9435F3301DFE4DB90068DB3C /* CJSingle */ = {
			isa = PBXGroup;
			children = (
				943DDAF22074719A00D64ACA /* NSObject+CJSingle.h */,
				943DDAF32074719A00D64ACA /* NSObject+CJSingle.m */,
			);
			path = CJSingle;
			sourceTree = "<group>";
		};
/* End PBXGroup section */

/* Begin PBXNativeTarget section */
		9435F2F91DFE4D0D0068DB3C /* Singleton */ = {
			isa = PBXNativeTarget;
			buildConfigurationList = 9435F3271DFE4D0D0068DB3C /* Build configuration list for PBXNativeTarget "Singleton" */;
			buildPhases = (
				9435F2F61DFE4D0D0068DB3C /* Sources */,
				9435F2F71DFE4D0D0068DB3C /* Frameworks */,
				9435F2F81DFE4D0D0068DB3C /* Resources */,
			);
			buildRules = (
			);
			dependencies = (
			);
			name = Singleton;
			productName = RootModel;
			productReference = 9435F2FA1DFE4D0D0068DB3C /* Singleton.app */;
			productType = "com.apple.product-type.application";
		};
		9435F3121DFE4D0D0068DB3C /* SingletonTests */ = {
			isa = PBXNativeTarget;
			buildConfigurationList = 9435F32A1DFE4D0D0068DB3C /* Build configuration list for PBXNativeTarget "SingletonTests" */;
			buildPhases = (
				9435F30F1DFE4D0D0068DB3C /* Sources */,
				9435F3101DFE4D0D0068DB3C /* Frameworks */,
				9435F3111DFE4D0D0068DB3C /* Resources */,
			);
			buildRules = (
			);
			dependencies = (
				9435F3151DFE4D0D0068DB3C /* PBXTargetDependency */,
			);
			name = SingletonTests;
			productName = RootModelTests;
			productReference = 9435F3131DFE4D0D0068DB3C /* SingletonTests.xctest */;
			productType = "com.apple.product-type.bundle.unit-test";
		};
		9435F31D1DFE4D0D0068DB3C /* SingletonUITests */ = {
			isa = PBXNativeTarget;
			buildConfigurationList = 9435F32D1DFE4D0D0068DB3C /* Build configuration list for PBXNativeTarget "SingletonUITests" */;
			buildPhases = (
				9435F31A1DFE4D0D0068DB3C /* Sources */,
				9435F31B1DFE4D0D0068DB3C /* Frameworks */,
				9435F31C1DFE4D0D0068DB3C /* Resources */,
			);
			buildRules = (
			);
			dependencies = (
				9435F3201DFE4D0D0068DB3C /* PBXTargetDependency */,
			);
			name = SingletonUITests;
			productName = RootModelUITests;
			productReference = 9435F31E1DFE4D0D0068DB3C /* SingletonUITests.xctest */;
			productType = "com.apple.product-type.bundle.ui-testing";
		};
/* End PBXNativeTarget section */

/* Begin PBXProject section */
		9435F2F21DFE4D0D0068DB3C /* Project object */ = {
			isa = PBXProject;
			attributes = {
				LastUpgradeCheck = 0900;
				ORGANIZATIONNAME = chjsun;
				TargetAttributes = {
					9435F2F91DFE4D0D0068DB3C = {
						CreatedOnToolsVersion = 7.2.1;
						DevelopmentTeam = ZP6CZ68WG4;
					};
					9435F3121DFE4D0D0068DB3C = {
						CreatedOnToolsVersion = 7.2.1;
						TestTargetID = 9435F2F91DFE4D0D0068DB3C;
					};
					9435F31D1DFE4D0D0068DB3C = {
						CreatedOnToolsVersion = 7.2.1;
						TestTargetID = 9435F2F91DFE4D0D0068DB3C;
					};
				};
			};
			buildConfigurationList = 9435F2F51DFE4D0D0068DB3C /* Build configuration list for PBXProject "Singleton" */;
			compatibilityVersion = "Xcode 3.2";
			developmentRegion = English;
			hasScannedForEncodings = 0;
			knownRegions = (
				en,
				Base,
			);
			mainGroup = 9435F2F11DFE4D0D0068DB3C;
			productRefGroup = 9435F2FB1DFE4D0D0068DB3C /* Products */;
			projectDirPath = "";
			projectRoot = "";
			targets = (
				9435F2F91DFE4D0D0068DB3C /* Singleton */,
				9435F3121DFE4D0D0068DB3C /* SingletonTests */,
				9435F31D1DFE4D0D0068DB3C /* SingletonUITests */,
			);
		};
/* End PBXProject section */

/* Begin PBXResourcesBuildPhase section */
		9435F2F81DFE4D0D0068DB3C /* Resources */ = {
			isa = PBXResourcesBuildPhase;
			buildActionMask = 2147483647;
			files = (
				9435F30D1DFE4D0D0068DB3C /* LaunchScreen.storyboard in Resources */,
				9435F30A1DFE4D0D0068DB3C /* Assets.xcassets in Resources */,
				9435F3081DFE4D0D0068DB3C /* Main.storyboard in Resources */,
			);
			runOnlyForDeploymentPostprocessing = 0;
		};
		9435F3111DFE4D0D0068DB3C /* Resources */ = {
			isa = PBXResourcesBuildPhase;
			buildActionMask = 2147483647;
			files = (
			);
			runOnlyForDeploymentPostprocessing = 0;
		};
		9435F31C1DFE4D0D0068DB3C /* Resources */ = {
			isa = PBXResourcesBuildPhase;
			buildActionMask = 2147483647;
			files = (
			);
			runOnlyForDeploymentPostprocessing = 0;
		};
/* End PBXResourcesBuildPhase section */

/* Begin PBXSourcesBuildPhase section */
		9435F2F61DFE4D0D0068DB3C /* Sources */ = {
			isa = PBXSourcesBuildPhase;
			buildActionMask = 2147483647;
			files = (
				943DDAF42074719A00D64ACA /* NSObject+CJSingle.m in Sources */,
				9435F3051DFE4D0D0068DB3C /* ViewController.m in Sources */,
				943DDAF72074ACE100D64ACA /* person.m in Sources */,
				9435F3021DFE4D0D0068DB3C /* AppDelegate.m in Sources */,
				9435F2FF1DFE4D0D0068DB3C /* main.m in Sources */,
			);
			runOnlyForDeploymentPostprocessing = 0;
		};
		9435F30F1DFE4D0D0068DB3C /* Sources */ = {
			isa = PBXSourcesBuildPhase;
			buildActionMask = 2147483647;
			files = (
				9435F3181DFE4D0D0068DB3C /* RootModelTests.m in Sources */,
			);
			runOnlyForDeploymentPostprocessing = 0;
		};
		9435F31A1DFE4D0D0068DB3C /* Sources */ = {
			isa = PBXSourcesBuildPhase;
			buildActionMask = 2147483647;
			files = (
				9435F3231DFE4D0D0068DB3C /* RootModelUITests.m in Sources */,
			);
			runOnlyForDeploymentPostprocessing = 0;
		};
/* End PBXSourcesBuildPhase section */

/* Begin PBXTargetDependency section */
		9435F3151DFE4D0D0068DB3C /* PBXTargetDependency */ = {
			isa = PBXTargetDependency;
			target = 9435F2F91DFE4D0D0068DB3C /* Singleton */;
			targetProxy = 9435F3141DFE4D0D0068DB3C /* PBXContainerItemProxy */;
		};
		9435F3201DFE4D0D0068DB3C /* PBXTargetDependency */ = {
			isa = PBXTargetDependency;
			target = 9435F2F91DFE4D0D0068DB3C /* Singleton */;
			targetProxy = 9435F31F1DFE4D0D0068DB3C /* PBXContainerItemProxy */;
		};
/* End PBXTargetDependency section */

/* Begin PBXVariantGroup section */
		9435F3061DFE4D0D0068DB3C /* Main.storyboard */ = {
			isa = PBXVariantGroup;
			children = (
				9435F3071DFE4D0D0068DB3C /* Base */,
			);
			name = Main.storyboard;
			sourceTree = "<group>";
		};
		9435F30B1DFE4D0D0068DB3C /* LaunchScreen.storyboard */ = {
			isa = PBXVariantGroup;
			children = (
				9435F30C1DFE4D0D0068DB3C /* Base */,
			);
			name = LaunchScreen.storyboard;
			sourceTree = "<group>";
		};
/* End PBXVariantGroup section */

/* Begin XCBuildConfiguration section */
		9435F3251DFE4D0D0068DB3C /* Debug */ = {
			isa = XCBuildConfiguration;
			buildSettings = {
				ALWAYS_SEARCH_USER_PATHS = NO;
				CLANG_CXX_LANGUAGE_STANDARD = "gnu++0x";
				CLANG_CXX_LIBRARY = "libc++";
				CLANG_ENABLE_MODULES = YES;
				CLANG_ENABLE_OBJC_ARC = YES;
				CLANG_WARN_BLOCK_CAPTURE_AUTORELEASING = YES;
				CLANG_WARN_BOOL_CONVERSION = YES;
				CLANG_WARN_COMMA = YES;
				CLANG_WARN_CONSTANT_CONVERSION = YES;
				CLANG_WARN_DIRECT_OBJC_ISA_USAGE = YES_ERROR;
				CLANG_WARN_EMPTY_BODY = YES;
				CLANG_WARN_ENUM_CONVERSION = YES;
				CLANG_WARN_INFINITE_RECURSION = YES;
				CLANG_WARN_INT_CONVERSION = YES;
				CLANG_WARN_NON_LITERAL_NULL_CONVERSION = YES;
				CLANG_WARN_OBJC_LITERAL_CONVERSION = YES;
				CLANG_WARN_OBJC_ROOT_CLASS = YES_ERROR;
				CLANG_WARN_RANGE_LOOP_ANALYSIS = YES;
				CLANG_WARN_STRICT_PROTOTYPES = YES;
				CLANG_WARN_SUSPICIOUS_MOVE = YES;
				CLANG_WARN_UNREACHABLE_CODE = YES;
				CLANG_WARN__DUPLICATE_METHOD_MATCH = YES;
				"CODE_SIGN_IDENTITY[sdk=iphoneos*]" = "iPhone Developer";
				COPY_PHASE_STRIP = NO;
				DEBUG_INFORMATION_FORMAT = dwarf;
				ENABLE_STRICT_OBJC_MSGSEND = YES;
				ENABLE_TESTABILITY = YES;
				GCC_C_LANGUAGE_STANDARD = gnu99;
				GCC_DYNAMIC_NO_PIC = NO;
				GCC_NO_COMMON_BLOCKS = YES;
				GCC_OPTIMIZATION_LEVEL = 0;
				GCC_PREPROCESSOR_DEFINITIONS = (
					"DEBUG=1",
					"$(inherited)",
				);
				GCC_WARN_64_TO_32_BIT_CONVERSION = YES;
				GCC_WARN_ABOUT_RETURN_TYPE = YES_ERROR;
				GCC_WARN_UNDECLARED_SELECTOR = YES;
				GCC_WARN_UNINITIALIZED_AUTOS = YES_AGGRESSIVE;
				GCC_WARN_UNUSED_FUNCTION = YES;
				GCC_WARN_UNUSED_VARIABLE = YES;
				IPHONEOS_DEPLOYMENT_TARGET = 9.2;
				MTL_ENABLE_DEBUG_INFO = YES;
				ONLY_ACTIVE_ARCH = YES;
				SDKROOT = iphoneos;
				TARGETED_DEVICE_FAMILY = "1,2";
			};
			name = Debug;
		};
		9435F3261DFE4D0D0068DB3C /* Release */ = {
			isa = XCBuildConfiguration;
			buildSettings = {
				ALWAYS_SEARCH_USER_PATHS = NO;
				CLANG_CXX_LANGUAGE_STANDARD = "gnu++0x";
				CLANG_CXX_LIBRARY = "libc++";
				CLANG_ENABLE_MODULES = YES;
				CLANG_ENABLE_OBJC_ARC = YES;
				CLANG_WARN_BLOCK_CAPTURE_AUTORELEASING = YES;
				CLANG_WARN_BOOL_CONVERSION = YES;
				CLANG_WARN_COMMA = YES;
				CLANG_WARN_CONSTANT_CONVERSION = YES;
				CLANG_WARN_DIRECT_OBJC_ISA_USAGE = YES_ERROR;
				CLANG_WARN_EMPTY_BODY = YES;
				CLANG_WARN_ENUM_CONVERSION = YES;
				CLANG_WARN_INFINITE_RECURSION = YES;
				CLANG_WARN_INT_CONVERSION = YES;
				CLANG_WARN_NON_LITERAL_NULL_CONVERSION = YES;
				CLANG_WARN_OBJC_LITERAL_CONVERSION = YES;
				CLANG_WARN_OBJC_ROOT_CLASS = YES_ERROR;
				CLANG_WARN_RANGE_LOOP_ANALYSIS = YES;
				CLANG_WARN_STRICT_PROTOTYPES = YES;
				CLANG_WARN_SUSPICIOUS_MOVE = YES;
				CLANG_WARN_UNREACHABLE_CODE = YES;
				CLANG_WARN__DUPLICATE_METHOD_MATCH = YES;
				"CODE_SIGN_IDENTITY[sdk=iphoneos*]" = "iPhone Developer";
				COPY_PHASE_STRIP = NO;
				DEBUG_INFORMATION_FORMAT = "dwarf-with-dsym";
				ENABLE_NS_ASSERTIONS = NO;
				ENABLE_STRICT_OBJC_MSGSEND = YES;
				GCC_C_LANGUAGE_STANDARD = gnu99;
				GCC_NO_COMMON_BLOCKS = YES;
				GCC_WARN_64_TO_32_BIT_CONVERSION = YES;
				GCC_WARN_ABOUT_RETURN_TYPE = YES_ERROR;
				GCC_WARN_UNDECLARED_SELECTOR = YES;
				GCC_WARN_UNINITIALIZED_AUTOS = YES_AGGRESSIVE;
				GCC_WARN_UNUSED_FUNCTION = YES;
				GCC_WARN_UNUSED_VARIABLE = YES;
				IPHONEOS_DEPLOYMENT_TARGET = 9.2;
				MTL_ENABLE_DEBUG_INFO = NO;
				SDKROOT = iphoneos;
				TARGETED_DEVICE_FAMILY = "1,2";
				VALIDATE_PRODUCT = YES;
			};
			name = Release;
		};
		9435F3281DFE4D0D0068DB3C /* Debug */ = {
			isa = XCBuildConfiguration;
			buildSettings = {
				ASSETCATALOG_COMPILER_APPICON_NAME = AppIcon;
				DEVELOPMENT_TEAM = ZP6CZ68WG4;
				INFOPLIST_FILE = "$(SRCROOT)/Singleton/Info.plist";
				IPHONEOS_DEPLOYMENT_TARGET = 8.0;
				LD_RUNPATH_SEARCH_PATHS = "$(inherited) @executable_path/Frameworks";
				PRODUCT_BUNDLE_IDENTIFIER = com.chjsun.Singleton;
				PRODUCT_NAME = "$(TARGET_NAME)";
			};
			name = Debug;
		};
		9435F3291DFE4D0D0068DB3C /* Release */ = {
			isa = XCBuildConfiguration;
			buildSettings = {
				ASSETCATALOG_COMPILER_APPICON_NAME = AppIcon;
				DEVELOPMENT_TEAM = ZP6CZ68WG4;
				INFOPLIST_FILE = "$(SRCROOT)/Singleton/Info.plist";
				IPHONEOS_DEPLOYMENT_TARGET = 8.0;
				LD_RUNPATH_SEARCH_PATHS = "$(inherited) @executable_path/Frameworks";
				PRODUCT_BUNDLE_IDENTIFIER = com.chjsun.Singleton;
				PRODUCT_NAME = "$(TARGET_NAME)";
			};
			name = Release;
		};
		9435F32B1DFE4D0D0068DB3C /* Debug */ = {
			isa = XCBuildConfiguration;
			buildSettings = {
				BUNDLE_LOADER = "$(TEST_HOST)";
				INFOPLIST_FILE = RootModelTests/Info.plist;
				LD_RUNPATH_SEARCH_PATHS = "$(inherited) @executable_path/Frameworks @loader_path/Frameworks";
				PRODUCT_BUNDLE_IDENTIFIER = com.chjsun.RootModelTests;
				PRODUCT_NAME = "$(TARGET_NAME)";
				TEST_HOST = "$(BUILT_PRODUCTS_DIR)/Singleton.app/Singleton";
			};
			name = Debug;
		};
		9435F32C1DFE4D0D0068DB3C /* Release */ = {
			isa = XCBuildConfiguration;
			buildSettings = {
				BUNDLE_LOADER = "$(TEST_HOST)";
				INFOPLIST_FILE = RootModelTests/Info.plist;
				LD_RUNPATH_SEARCH_PATHS = "$(inherited) @executable_path/Frameworks @loader_path/Frameworks";
				PRODUCT_BUNDLE_IDENTIFIER = com.chjsun.RootModelTests;
				PRODUCT_NAME = "$(TARGET_NAME)";
				TEST_HOST = "$(BUILT_PRODUCTS_DIR)/Singleton.app/Singleton";
			};
			name = Release;
		};
		9435F32E1DFE4D0D0068DB3C /* Debug */ = {
			isa = XCBuildConfiguration;
			buildSettings = {
				INFOPLIST_FILE = RootModelUITests/Info.plist;
				LD_RUNPATH_SEARCH_PATHS = "$(inherited) @executable_path/Frameworks @loader_path/Frameworks";
				PRODUCT_BUNDLE_IDENTIFIER = com.chjsun.RootModelUITests;
				PRODUCT_NAME = "$(TARGET_NAME)";
				TEST_TARGET_NAME = RootModel;
				USES_XCTRUNNER = YES;
			};
			name = Debug;
		};
		9435F32F1DFE4D0D0068DB3C /* Release */ = {
			isa = XCBuildConfiguration;
			buildSettings = {
				INFOPLIST_FILE = RootModelUITests/Info.plist;
				LD_RUNPATH_SEARCH_PATHS = "$(inherited) @executable_path/Frameworks @loader_path/Frameworks";
				PRODUCT_BUNDLE_IDENTIFIER = com.chjsun.RootModelUITests;
				PRODUCT_NAME = "$(TARGET_NAME)";
				TEST_TARGET_NAME = RootModel;
				USES_XCTRUNNER = YES;
			};
			name = Release;
		};
/* End XCBuildConfiguration section */

/* Begin XCConfigurationList section */
		9435F2F51DFE4D0D0068DB3C /* Build configuration list for PBXProject "Singleton" */ = {
			isa = XCConfigurationList;
			buildConfigurations = (
				9435F3251DFE4D0D0068DB3C /* Debug */,
				9435F3261DFE4D0D0068DB3C /* Release */,
			);
			defaultConfigurationIsVisible = 0;
			defaultConfigurationName = Release;
		};
		9435F3271DFE4D0D0068DB3C /* Build configuration list for PBXNativeTarget "Singleton" */ = {
			isa = XCConfigurationList;
			buildConfigurations = (
				9435F3281DFE4D0D0068DB3C /* Debug */,
				9435F3291DFE4D0D0068DB3C /* Release */,
			);
			defaultConfigurationIsVisible = 0;
			defaultConfigurationName = Release;
		};
		9435F32A1DFE4D0D0068DB3C /* Build configuration list for PBXNativeTarget "SingletonTests" */ = {
			isa = XCConfigurationList;
			buildConfigurations = (
				9435F32B1DFE4D0D0068DB3C /* Debug */,
				9435F32C1DFE4D0D0068DB3C /* Release */,
			);
			defaultConfigurationIsVisible = 0;
			defaultConfigurationName = Release;
		};
		9435F32D1DFE4D0D0068DB3C /* Build configuration list for PBXNativeTarget "SingletonUITests" */ = {
			isa = XCConfigurationList;
			buildConfigurations = (
				9435F32E1DFE4D0D0068DB3C /* Debug */,
				9435F32F1DFE4D0D0068DB3C /* Release */,
			);
			defaultConfigurationIsVisible = 0;
			defaultConfigurationName = Release;
		};
/* End XCConfigurationList section */
	};
	rootObject = 9435F2F21DFE4D0D0068DB3C /* Project object */;
}
